// !$*UTF8*$!
{
	archiveVersion = 1;
	classes = {
	};
	objectVersion = 46;
	objects = {

/* Begin PBXFileReference section */
		3732C5B31C75154E0027D9AF /* everydaycomputing.sh */ = {isa = PBXFileReference; lastKnownFileType = text.script.sh; path = everydaycomputing.sh; sourceTree = "<group>"; };
		3732C5B41C75163D0027D9AF /* NOTES.txt */ = {isa = PBXFileReference; lastKnownFileType = text; path = NOTES.txt; sourceTree = "<group>"; };
		3732C5B51C7516490027D9AF /* README.md */ = {isa = PBXFileReference; lastKnownFileType = net.daringfireball.markdown; path = README.md; sourceTree = "<group>"; };
		3732C5B61C7516490027D9AF /* work_sunday.txt */ = {isa = PBXFileReference; lastKnownFileType = text; path = work_sunday.txt; sourceTree = "<group>"; };
		3732C5B81C75169C0027D9AF /* dispatch.yaml */ = {isa = PBXFileReference; lastKnownFileType = text; path = dispatch.yaml; sourceTree = "<group>"; };
		3732C5BA1C7516AE0027D9AF /* mobile_frontend.yaml */ = {isa = PBXFileReference; fileEncoding = 4; lastKnownFileType = text; path = mobile_frontend.yaml; sourceTree = "<group>"; };
		3732C5BB1C7516AE0027D9AF /* static_backend.yaml */ = {isa = PBXFileReference; fileEncoding = 4; lastKnownFileType = text; path = static_backend.yaml; sourceTree = "<group>"; };
		3732C5BC1C7516BC0027D9AF /* app.yaml */ = {isa = PBXFileReference; lastKnownFileType = text; path = app.yaml; sourceTree = "<group>"; };
		3732C5BD1C7516C30027D9AF /* helloworld.py */ = {isa = PBXFileReference; lastKnownFileType = text.script.python; path = helloworld.py; sourceTree = "<group>"; };
		3732C5BF1C7516F70027D9AF /* lincoln.py */ = {isa = PBXFileReference; lastKnownFileType = text.script.python; path = lincoln.py; sourceTree = "<group>"; };
		3732C5C01C7516F70027D9AF /* lincoln.yaml */ = {isa = PBXFileReference; lastKnownFileType = text; path = lincoln.yaml; sourceTree = "<group>"; };
		3732C5C21C7517190027D9AF /* printenv.py */ = {isa = PBXFileReference; lastKnownFileType = text.script.python; path = printenv.py; sourceTree = "<group>"; };
/* End PBXFileReference section */

/* Begin PBXGroup section */
		3732C5A81C7514720027D9AF = {
			isa = PBXGroup;
			children = (
				3732C5B71C7516610027D9AF /* notes */,
			);
			sourceTree = "<group>";
		};
		3732C5B71C7516610027D9AF /* notes */ = {
			isa = PBXGroup;
			children = (
				3732C5B41C75163D0027D9AF /* NOTES.txt */,
				3732C5B31C75154E0027D9AF /* everydaycomputing.sh */,
				3732C5B51C7516490027D9AF /* README.md */,
				3732C5B61C7516490027D9AF /* work_sunday.txt */,
				3732C5B91C7516A00027D9AF /* YAML */,
				3732C5C11C7516FE0027D9AF /* module-api */,
				3732C5BE1C7516CD0027D9AF /* module-default */,
			);
			name = notes;
			sourceTree = "<group>";
		};
		3732C5B91C7516A00027D9AF /* YAML */ = {
			isa = PBXGroup;
			children = (
				3732C5BA1C7516AE0027D9AF /* mobile_frontend.yaml */,
				3732C5B81C75169C0027D9AF /* dispatch.yaml */,
			);
			name = YAML;
			sourceTree = "<group>";
		};
		3732C5BE1C7516CD0027D9AF /* module-default */ = {
			isa = PBXGroup;
			children = (
				3732C5BC1C7516BC0027D9AF /* app.yaml */,
				3732C5BD1C7516C30027D9AF /* helloworld.py */,
				3732C5C21C7517190027D9AF /* printenv.py */,
			);
			name = "module-default";
			sourceTree = "<group>";
		};
		3732C5C11C7516FE0027D9AF /* module-api */ = {
			isa = PBXGroup;
			children = (
				3732C5BB1C7516AE0027D9AF /* static_backend.yaml */,
				3732C5BF1C7516F70027D9AF /* lincoln.py */,
				3732C5C01C7516F70027D9AF /* lincoln.yaml */,
			);
			name = "module-api";
			sourceTree = "<group>";
		};
/* End PBXGroup section */

/* Begin PBXLegacyTarget section */
		3732C5AD1C7514720027D9AF /* everydaycomputing.org */ = {
			isa = PBXLegacyTarget;
			buildArgumentsString = "$(ACTION)";
			buildConfigurationList = 3732C5B01C7514720027D9AF /* Build configuration list for PBXLegacyTarget "everydaycomputing.org" */;
			buildPhases = (
			);
			buildToolPath = /bin/sh;
			dependencies = (
			);
			name = everydaycomputing.org;
			passBuildSettingsInEnvironment = 1;
			productName = everydaycomputing.org;
		};
/* End PBXLegacyTarget section */

/* Begin PBXProject section */
		3732C5A91C7514720027D9AF /* Project object */ = {
			isa = PBXProject;
			attributes = {
				LastUpgradeCheck = 0720;
				ORGANIZATIONNAME = "The University of Chicago, Department of Computer Science";
				TargetAttributes = {
					3732C5AD1C7514720027D9AF = {
						CreatedOnToolsVersion = 7.2.1;
					};
				};
			};
			buildConfigurationList = 3732C5AC1C7514720027D9AF /* Build configuration list for PBXProject "everydaycomputing.org" */;
			compatibilityVersion = "Xcode 3.2";
			developmentRegion = English;
			hasScannedForEncodings = 0;
			knownRegions = (
				en,
			);
			mainGroup = 3732C5A81C7514720027D9AF;
			projectDirPath = "";
			projectRoot = "";
			targets = (
				3732C5AD1C7514720027D9AF /* everydaycomputing.org */,
			);
		};
/* End PBXProject section */

/* Begin XCBuildConfiguration section */
		3732C5AE1C7514720027D9AF /* Debug */ = {
			isa = XCBuildConfiguration;
			buildSettings = {
				ALWAYS_SEARCH_USER_PATHS = NO;
				CLANG_CXX_LANGUAGE_STANDARD = "gnu++0x";
				CLANG_CXX_LIBRARY = "libc++";
				CLANG_ENABLE_MODULES = YES;
				CLANG_ENABLE_OBJC_ARC = YES;
				CLANG_WARN_BOOL_CONVERSION = YES;
				CLANG_WARN_CONSTANT_CONVERSION = YES;
				CLANG_WARN_DIRECT_OBJC_ISA_USAGE = YES_ERROR;
				CLANG_WARN_EMPTY_BODY = YES;
				CLANG_WARN_ENUM_CONVERSION = YES;
				CLANG_WARN_INT_CONVERSION = YES;
				CLANG_WARN_OBJC_ROOT_CLASS = YES_ERROR;
				CLANG_WARN_UNREACHABLE_CODE = YES;
				CLANG_WARN__DUPLICATE_METHOD_MATCH = YES;
				COPY_PHASE_STRIP = NO;
				DEBUG_INFORMATION_FORMAT = dwarf;
				ENABLE_STRICT_OBJC_MSGSEND = YES;
				ENABLE_TESTABILITY = YES;
				GCC_C_LANGUAGE_STANDARD = gnu99;
				GCC_DYNAMIC_NO_PIC = NO;
				GCC_NO_COMMON_BLOCKS = YES;
				GCC_OPTIMIZATION_LEVEL = 0;
				GCC_PREPROCESSOR_DEFINITIONS = (
					"DEBUG=1",
					"$(inherited)",
				);
				GCC_WARN_64_TO_32_BIT_CONVERSION = YES;
				GCC_WARN_ABOUT_RETURN_TYPE = YES_ERROR;
				GCC_WARN_UNDECLARED_SELECTOR = YES;
				GCC_WARN_UNINITIALIZED_AUTOS = YES_AGGRESSIVE;
				GCC_WARN_UNUSED_FUNCTION = YES;
				GCC_WARN_UNUSED_VARIABLE = YES;
				MTL_ENABLE_DEBUG_INFO = YES;
				ONLY_ACTIVE_ARCH = YES;
			};
			name = Debug;
		};
		3732C5AF1C7514720027D9AF /* Release */ = {
			isa = XCBuildConfiguration;
			buildSettings = {
				ALWAYS_SEARCH_USER_PATHS = NO;
				CLANG_CXX_LANGUAGE_STANDARD = "gnu++0x";
				CLANG_CXX_LIBRARY = "libc++";
				CLANG_ENABLE_MODULES = YES;
				CLANG_ENABLE_OBJC_ARC = YES;
				CLANG_WARN_BOOL_CONVERSION = YES;
				CLANG_WARN_CONSTANT_CONVERSION = YES;
				CLANG_WARN_DIRECT_OBJC_ISA_USAGE = YES_ERROR;
				CLANG_WARN_EMPTY_BODY = YES;
				CLANG_WARN_ENUM_CONVERSION = YES;
				CLANG_WARN_INT_CONVERSION = YES;
				CLANG_WARN_OBJC_ROOT_CLASS = YES_ERROR;
				CLANG_WARN_UNREACHABLE_CODE = YES;
				CLANG_WARN__DUPLICATE_METHOD_MATCH = YES;
				COPY_PHASE_STRIP = NO;
				DEBUG_INFORMATION_FORMAT = "dwarf-with-dsym";
				ENABLE_NS_ASSERTIONS = NO;
				ENABLE_STRICT_OBJC_MSGSEND = YES;
				GCC_C_LANGUAGE_STANDARD = gnu99;
				GCC_NO_COMMON_BLOCKS = YES;
				GCC_WARN_64_TO_32_BIT_CONVERSION = YES;
				GCC_WARN_ABOUT_RETURN_TYPE = YES_ERROR;
				GCC_WARN_UNDECLARED_SELECTOR = YES;
				GCC_WARN_UNINITIALIZED_AUTOS = YES_AGGRESSIVE;
				GCC_WARN_UNUSED_FUNCTION = YES;
				GCC_WARN_UNUSED_VARIABLE = YES;
				MTL_ENABLE_DEBUG_INFO = NO;
			};
			name = Release;
		};
		3732C5B11C7514720027D9AF /* Debug */ = {
			isa = XCBuildConfiguration;
			buildSettings = {
				DEBUGGING_SYMBOLS = YES;
				DEBUG_INFORMATION_FORMAT = dwarf;
				GCC_GENERATE_DEBUGGING_SYMBOLS = YES;
				GCC_OPTIMIZATION_LEVEL = 0;
				OTHER_CFLAGS = "";
				OTHER_LDFLAGS = "";
				PRODUCT_NAME = "$(TARGET_NAME)";
			};
			name = Debug;
		};
		3732C5B21C7514720027D9AF /* Release */ = {
			isa = XCBuildConfiguration;
			buildSettings = {
				DEBUG_INFORMATION_FORMAT = "dwarf-with-dsym";
				OTHER_CFLAGS = "";
				OTHER_LDFLAGS = "";
				PRODUCT_NAME = "$(TARGET_NAME)";
			};
			name = Release;
		};
/* End XCBuildConfiguration section */

/* Begin XCConfigurationList section */
		3732C5AC1C7514720027D9AF /* Build configuration list for PBXProject "everydaycomputing.org" */ = {
			isa = XCConfigurationList;
			buildConfigurations = (
				3732C5AE1C7514720027D9AF /* Debug */,
				3732C5AF1C7514720027D9AF /* Release */,
			);
			defaultConfigurationIsVisible = 0;
			defaultConfigurationName = Release;
		};
		3732C5B01C7514720027D9AF /* Build configuration list for PBXLegacyTarget "everydaycomputing.org" */ = {
			isa = XCConfigurationList;
			buildConfigurations = (
				3732C5B11C7514720027D9AF /* Debug */,
				3732C5B21C7514720027D9AF /* Release */,
			);
			defaultConfigurationIsVisible = 0;
			defaultConfigurationName = Release;
		};
/* End XCConfigurationList section */
	};
	rootObject = 3732C5A91C7514720027D9AF /* Project object */;
}
