// !$*UTF8*$!
{
	archiveVersion = 1;
	classes = {
	};
	objectVersion = 46;
	objects = {

/* Begin PBXFileReference section */
		370980451C7E3D1500E0BD90 /* admin_models.py */ = {isa = PBXFileReference; lastKnownFileType = text.script.python; path = admin_models.py; sourceTree = "<group>"; };
		3732C5B31C75154E0027D9AF /* everydaycomputing.sh */ = {isa = PBXFileReference; lastKnownFileType = text.script.sh; path = everydaycomputing.sh; sourceTree = "<group>"; };
		3732C5B41C75163D0027D9AF /* NOTES.txt */ = {isa = PBXFileReference; lastKnownFileType = text; path = NOTES.txt; sourceTree = "<group>"; };
		3732C5B51C7516490027D9AF /* README.md */ = {isa = PBXFileReference; lastKnownFileType = net.daringfireball.markdown; path = README.md; sourceTree = "<group>"; };
		3732C5B61C7516490027D9AF /* work_sunday.txt */ = {isa = PBXFileReference; lastKnownFileType = text; path = work_sunday.txt; sourceTree = "<group>"; };
		3732C5BC1C7516BC0027D9AF /* app.yaml */ = {isa = PBXFileReference; lastKnownFileType = text; path = app.yaml; sourceTree = "<group>"; };
		3732C5BF1C7516F70027D9AF /* everydaycomputing.py */ = {isa = PBXFileReference; lastKnownFileType = text.script.python; path = everydaycomputing.py; sourceTree = "<group>"; };
		3747FC991C9A104400C21775 /* templates */ = {isa = PBXFileReference; lastKnownFileType = folder; path = templates; sourceTree = "<group>"; };
		374CE27A1C876A0B00D0E41A /* TODO.txt */ = {isa = PBXFileReference; fileEncoding = 4; lastKnownFileType = text; path = TODO.txt; sourceTree = "<group>"; };
		374CE27B1C8787F100D0E41A /* admin_category.py */ = {isa = PBXFileReference; fileEncoding = 4; lastKnownFileType = text.script.python; path = admin_category.py; sourceTree = "<group>"; };
		374CE27D1C878A7F00D0E41A /* article_handler.py */ = {isa = PBXFileReference; fileEncoding = 4; lastKnownFileType = text.script.python; path = article_handler.py; sourceTree = "<group>"; };
		376665651CBAFDBA00B8B21B /* article_methodology.py */ = {isa = PBXFileReference; fileEncoding = 4; lastKnownFileType = text.script.python; path = article_methodology.py; sourceTree = "<group>"; };
		37A91B0C1CC66B5A00E4F6C1 /* article_goals.py */ = {isa = PBXFileReference; fileEncoding = 4; lastKnownFileType = text.script.python; path = article_goals.py; sourceTree = "<group>"; };
		37E387281CA4F8F400CFE94B /* resource_handler.py */ = {isa = PBXFileReference; lastKnownFileType = text.script.python; path = resource_handler.py; sourceTree = "<group>"; };
/* End PBXFileReference section */

/* Begin PBXGroup section */
		3709804B1C987D1A00E0BD90 /* app */ = {
			isa = PBXGroup;
			children = (
				374CE27D1C878A7F00D0E41A /* article_handler.py */,
				374CE27B1C8787F100D0E41A /* admin_category.py */,
				376665651CBAFDBA00B8B21B /* article_methodology.py */,
				370980451C7E3D1500E0BD90 /* admin_models.py */,
				37E387281CA4F8F400CFE94B /* resource_handler.py */,
				37A91B0C1CC66B5A00E4F6C1 /* article_goals.py */,
			);
			name = app;
			sourceTree = "<group>";
		};
		3732C5A81C7514720027D9AF = {
			isa = PBXGroup;
			children = (
				3732C5B71C7516610027D9AF /* notes */,
				3732C5B91C7516A00027D9AF /* YAML */,
			);
			sourceTree = "<group>";
		};
		3732C5B71C7516610027D9AF /* notes */ = {
			isa = PBXGroup;
			children = (
				3732C5B41C75163D0027D9AF /* NOTES.txt */,
				374CE27A1C876A0B00D0E41A /* TODO.txt */,
				3732C5B31C75154E0027D9AF /* everydaycomputing.sh */,
				3732C5B51C7516490027D9AF /* README.md */,
				3732C5B61C7516490027D9AF /* work_sunday.txt */,
			);
			name = notes;
			sourceTree = "<group>";
		};
		3732C5B91C7516A00027D9AF /* YAML */ = {
			isa = PBXGroup;
			children = (
				3732C5BC1C7516BC0027D9AF /* app.yaml */,
				3732C5BF1C7516F70027D9AF /* everydaycomputing.py */,
				3709804B1C987D1A00E0BD90 /* app */,
				3747FC991C9A104400C21775 /* templates */,
			);
			name = YAML;
			sourceTree = "<group>";
		};
/* End PBXGroup section */

/* Begin PBXLegacyTarget section */
		3732C5AD1C7514720027D9AF /* everydaycomputing.org */ = {
			isa = PBXLegacyTarget;
			buildArgumentsString = "$(ACTION)";
			buildConfigurationList = 3732C5B01C7514720027D9AF /* Build configuration list for PBXLegacyTarget "everydaycomputing.org" */;
			buildPhases = (
			);
			buildToolPath = /bin/sh;
			dependencies = (
			);
			name = everydaycomputing.org;
			passBuildSettingsInEnvironment = 1;
			productName = everydaycomputing.org;
		};
/* End PBXLegacyTarget section */

/* Begin PBXProject section */
		3732C5A91C7514720027D9AF /* Project object */ = {
			isa = PBXProject;
			attributes = {
				LastUpgradeCheck = 0720;
				ORGANIZATIONNAME = "The University of Chicago, Department of Computer Science";
				TargetAttributes = {
					3732C5AD1C7514720027D9AF = {
						CreatedOnToolsVersion = 7.2.1;
					};
				};
			};
			buildConfigurationList = 3732C5AC1C7514720027D9AF /* Build configuration list for PBXProject "everydaycomputing.org" */;
			compatibilityVersion = "Xcode 3.2";
			developmentRegion = English;
			hasScannedForEncodings = 0;
			knownRegions = (
				en,
			);
			mainGroup = 3732C5A81C7514720027D9AF;
			projectDirPath = "";
			projectRoot = "";
			targets = (
				3732C5AD1C7514720027D9AF /* everydaycomputing.org */,
			);
		};
/* End PBXProject section */

/* Begin XCBuildConfiguration section */
		3732C5AE1C7514720027D9AF /* Debug */ = {
			isa = XCBuildConfiguration;
			buildSettings = {
				ALWAYS_SEARCH_USER_PATHS = NO;
				CLANG_CXX_LANGUAGE_STANDARD = "gnu++0x";
				CLANG_CXX_LIBRARY = "libc++";
				CLANG_ENABLE_MODULES = YES;
				CLANG_ENABLE_OBJC_ARC = YES;
				CLANG_WARN_BOOL_CONVERSION = YES;
				CLANG_WARN_CONSTANT_CONVERSION = YES;
				CLANG_WARN_DIRECT_OBJC_ISA_USAGE = YES_ERROR;
				CLANG_WARN_EMPTY_BODY = YES;
				CLANG_WARN_ENUM_CONVERSION = YES;
				CLANG_WARN_INT_CONVERSION = YES;
				CLANG_WARN_OBJC_ROOT_CLASS = YES_ERROR;
				CLANG_WARN_UNREACHABLE_CODE = YES;
				CLANG_WARN__DUPLICATE_METHOD_MATCH = YES;
				COPY_PHASE_STRIP = NO;
				DEBUG_INFORMATION_FORMAT = dwarf;
				ENABLE_STRICT_OBJC_MSGSEND = YES;
				ENABLE_TESTABILITY = YES;
				GCC_C_LANGUAGE_STANDARD = gnu99;
				GCC_DYNAMIC_NO_PIC = NO;
				GCC_NO_COMMON_BLOCKS = YES;
				GCC_OPTIMIZATION_LEVEL = 0;
				GCC_PREPROCESSOR_DEFINITIONS = (
					"DEBUG=1",
					"$(inherited)",
				);
				GCC_WARN_64_TO_32_BIT_CONVERSION = YES;
				GCC_WARN_ABOUT_RETURN_TYPE = YES_ERROR;
				GCC_WARN_UNDECLARED_SELECTOR = YES;
				GCC_WARN_UNINITIALIZED_AUTOS = YES_AGGRESSIVE;
				GCC_WARN_UNUSED_FUNCTION = YES;
				GCC_WARN_UNUSED_VARIABLE = YES;
				MTL_ENABLE_DEBUG_INFO = YES;
				ONLY_ACTIVE_ARCH = YES;
			};
			name = Debug;
		};
		3732C5AF1C7514720027D9AF /* Release */ = {
			isa = XCBuildConfiguration;
			buildSettings = {
				ALWAYS_SEARCH_USER_PATHS = NO;
				CLANG_CXX_LANGUAGE_STANDARD = "gnu++0x";
				CLANG_CXX_LIBRARY = "libc++";
				CLANG_ENABLE_MODULES = YES;
				CLANG_ENABLE_OBJC_ARC = YES;
				CLANG_WARN_BOOL_CONVERSION = YES;
				CLANG_WARN_CONSTANT_CONVERSION = YES;
				CLANG_WARN_DIRECT_OBJC_ISA_USAGE = YES_ERROR;
				CLANG_WARN_EMPTY_BODY = YES;
				CLANG_WARN_ENUM_CONVERSION = YES;
				CLANG_WARN_INT_CONVERSION = YES;
				CLANG_WARN_OBJC_ROOT_CLASS = YES_ERROR;
				CLANG_WARN_UNREACHABLE_CODE = YES;
				CLANG_WARN__DUPLICATE_METHOD_MATCH = YES;
				COPY_PHASE_STRIP = NO;
				DEBUG_INFORMATION_FORMAT = "dwarf-with-dsym";
				ENABLE_NS_ASSERTIONS = NO;
				ENABLE_STRICT_OBJC_MSGSEND = YES;
				GCC_C_LANGUAGE_STANDARD = gnu99;
				GCC_NO_COMMON_BLOCKS = YES;
				GCC_WARN_64_TO_32_BIT_CONVERSION = YES;
				GCC_WARN_ABOUT_RETURN_TYPE = YES_ERROR;
				GCC_WARN_UNDECLARED_SELECTOR = YES;
				GCC_WARN_UNINITIALIZED_AUTOS = YES_AGGRESSIVE;
				GCC_WARN_UNUSED_FUNCTION = YES;
				GCC_WARN_UNUSED_VARIABLE = YES;
				MTL_ENABLE_DEBUG_INFO = NO;
			};
			name = Release;
		};
		3732C5B11C7514720027D9AF /* Debug */ = {
			isa = XCBuildConfiguration;
			buildSettings = {
				DEBUGGING_SYMBOLS = YES;
				DEBUG_INFORMATION_FORMAT = dwarf;
				GCC_GENERATE_DEBUGGING_SYMBOLS = YES;
				GCC_OPTIMIZATION_LEVEL = 0;
				OTHER_CFLAGS = "";
				OTHER_LDFLAGS = "";
				PRODUCT_NAME = "$(TARGET_NAME)";
			};
			name = Debug;
		};
		3732C5B21C7514720027D9AF /* Release */ = {
			isa = XCBuildConfiguration;
			buildSettings = {
				DEBUG_INFORMATION_FORMAT = "dwarf-with-dsym";
				OTHER_CFLAGS = "";
				OTHER_LDFLAGS = "";
				PRODUCT_NAME = "$(TARGET_NAME)";
			};
			name = Release;
		};
/* End XCBuildConfiguration section */

/* Begin XCConfigurationList section */
		3732C5AC1C7514720027D9AF /* Build configuration list for PBXProject "everydaycomputing.org" */ = {
			isa = XCConfigurationList;
			buildConfigurations = (
				3732C5AE1C7514720027D9AF /* Debug */,
				3732C5AF1C7514720027D9AF /* Release */,
			);
			defaultConfigurationIsVisible = 0;
			defaultConfigurationName = Release;
		};
		3732C5B01C7514720027D9AF /* Build configuration list for PBXLegacyTarget "everydaycomputing.org" */ = {
			isa = XCConfigurationList;
			buildConfigurations = (
				3732C5B11C7514720027D9AF /* Debug */,
				3732C5B21C7514720027D9AF /* Release */,
			);
			defaultConfigurationIsVisible = 0;
			defaultConfigurationName = Release;
		};
/* End XCConfigurationList section */
	};
	rootObject = 3732C5A91C7514720027D9AF /* Project object */;
}
